{
  "name": "zenny",
  "lockfileVersion": 2,
  "requires": true,
  "packages": {
    "": {
      "dependencies": {
        "imask": "^6.2.2"
      }
    },
    "node_modules/imask": {
      "version": "6.2.2",
      "resolved": "https://registry.npmjs.org/imask/-/imask-6.2.2.tgz",
      "integrity": "sha512-oREITqngsjD0YxO62UpVQSxLNjIcb/mNO9hX2F8xQ282Kj3X9KXEAobipbUXz5R5NgtiL6nOPrWwo+AnLuz5AQ==",
      "engines": {
        "npm": ">=4.0.0"
      }
    }
  },
  "dependencies": {
    "imask": {
      "version": "6.2.2",
      "resolved": "https://registry.npmjs.org/imask/-/imask-6.2.2.tgz",
      "integrity": "sha512-oREITqngsjD0YxO62UpVQSxLNjIcb/mNO9hX2F8xQ282Kj3X9KXEAobipbUXz5R5NgtiL6nOPrWwo+AnLuz5AQ=="
    }
  }
}
